// !$*UTF8*$!
{
	archiveVersion = 1;
	classes = {
	};
	objectVersion = 50;
	objects = {

/* Begin PBXBuildFile section */
		CD89971F2581B8EA00754A0C /* tools.cpp in Sources */ = {isa = PBXBuildFile; fileRef = CD89971D2581B8EA00754A0C /* tools.cpp */; };
		CD899729258204C900754A0C /* mom.cpp in Sources */ = {isa = PBXBuildFile; fileRef = CD899728258204C900754A0C /* mom.cpp */; };
		CD89972E258204DD00754A0C /* momLogic.cpp in Sources */ = {isa = PBXBuildFile; fileRef = CD89972C258204DD00754A0C /* momLogic.cpp */; };
		CD89973825820DF500754A0C /* tools.cpp in Sources */ = {isa = PBXBuildFile; fileRef = CD89971D2581B8EA00754A0C /* tools.cpp */; };
		CD89973B25820DF500754A0C /* kidLogic.cpp in Sources */ = {isa = PBXBuildFile; fileRef = CD899730258204EB00754A0C /* kidLogic.cpp */; };
		CD89974C25820E3700754A0C /* kid.cpp in Sources */ = {isa = PBXBuildFile; fileRef = CD89973525820D3800754A0C /* kid.cpp */; };
/* End PBXBuildFile section */

/* Begin PBXCopyFilesBuildPhase section */
		CD89973D25820DF500754A0C /* CopyFiles */ = {
			isa = PBXCopyFilesBuildPhase;
			buildActionMask = 2147483647;
			dstPath = /usr/share/man/man1/;
			dstSubfolderSpec = 0;
			files = (
			);
			runOnlyForDeploymentPostprocessing = 1;
		};
		CDFDEA87250757F4005EDC57 /* CopyFiles */ = {
			isa = PBXCopyFilesBuildPhase;
			buildActionMask = 2147483647;
			dstPath = /usr/share/man/man1/;
			dstSubfolderSpec = 0;
			files = (
			);
			runOnlyForDeploymentPostprocessing = 1;
		};
/* End PBXCopyFilesBuildPhase section */

/* Begin PBXFileReference section */
		CD5DDC2A25409C47000C1882 /* main.cpp */ = {isa = PBXFileReference; lastKnownFileType = sourcecode.cpp.cpp; path = main.cpp; sourceTree = "<group>"; };
		CD736430251ED2400094E4D4 /* Params.cpp */ = {isa = PBXFileReference; lastKnownFileType = sourcecode.cpp.cpp; path = Params.cpp; sourceTree = "<group>"; };
		CD736431251ED2400094E4D4 /* Params.hpp */ = {isa = PBXFileReference; lastKnownFileType = sourcecode.cpp.h; path = Params.hpp; sourceTree = "<group>"; };
		CD736432251ED27D0094E4D4 /* main.cpp */ = {isa = PBXFileReference; lastKnownFileType = sourcecode.cpp.cpp; path = main.cpp; sourceTree = "<group>"; };
		CD89971D2581B8EA00754A0C /* tools.cpp */ = {isa = PBXFileReference; fileEncoding = 4; lastKnownFileType = sourcecode.cpp.cpp; path = tools.cpp; sourceTree = "<group>"; };
		CD89971E2581B8EA00754A0C /* tools.hpp */ = {isa = PBXFileReference; fileEncoding = 4; lastKnownFileType = sourcecode.cpp.h; path = tools.hpp; sourceTree = "<group>"; };
		CD8997252581FE9A00754A0C /* makefile */ = {isa = PBXFileReference; lastKnownFileType = sourcecode.make; path = makefile; sourceTree = "<group>"; };
		CD8997262582048C00754A0C /* socktypes.h */ = {isa = PBXFileReference; lastKnownFileType = sourcecode.c.h; path = socktypes.h; sourceTree = "<group>"; };
		CD899727258204B000754A0C /* protocol.hpp */ = {isa = PBXFileReference; lastKnownFileType = sourcecode.cpp.h; path = protocol.hpp; sourceTree = "<group>"; };
		CD899728258204C900754A0C /* mom.cpp */ = {isa = PBXFileReference; lastKnownFileType = sourcecode.cpp.cpp; path = mom.cpp; sourceTree = "<group>"; };
		CD89972C258204DD00754A0C /* momLogic.cpp */ = {isa = PBXFileReference; lastKnownFileType = sourcecode.cpp.cpp; path = momLogic.cpp; sourceTree = "<group>"; };
		CD89972D258204DD00754A0C /* momLogic.hpp */ = {isa = PBXFileReference; lastKnownFileType = sourcecode.cpp.h; path = momLogic.hpp; sourceTree = "<group>"; };
		CD899730258204EB00754A0C /* kidLogic.cpp */ = {isa = PBXFileReference; lastKnownFileType = sourcecode.cpp.cpp; path = kidLogic.cpp; sourceTree = "<group>"; };
		CD899731258204EB00754A0C /* kidLogic.hpp */ = {isa = PBXFileReference; lastKnownFileType = sourcecode.cpp.h; path = kidLogic.hpp; sourceTree = "<group>"; };
		CD89973525820D3800754A0C /* kid.cpp */ = {isa = PBXFileReference; lastKnownFileType = sourcecode.cpp.cpp; path = kid.cpp; sourceTree = "<group>"; };
		CD89974125820DF500754A0C /* Kid */ = {isa = PBXFileReference; explicitFileType = "compiled.mach-o.executable"; includeInIndex = 0; path = Kid; sourceTree = BUILT_PRODUCTS_DIR; };
		CD8C8BCC252550AF000E209D /* Params.cpp */ = {isa = PBXFileReference; lastKnownFileType = sourcecode.cpp.cpp; path = Params.cpp; sourceTree = "<group>"; };
		CD8C8BCD252550AF000E209D /* Params.hpp */ = {isa = PBXFileReference; lastKnownFileType = sourcecode.cpp.h; path = Params.hpp; sourceTree = "<group>"; };
		CD8C8BD0252550BF000E209D /* main.cpp */ = {isa = PBXFileReference; lastKnownFileType = sourcecode.cpp.cpp; path = main.cpp; sourceTree = "<group>"; };
		CD8C8BD925255398000E209D /* FileID.cpp */ = {isa = PBXFileReference; lastKnownFileType = sourcecode.cpp.cpp; path = FileID.cpp; sourceTree = "<group>"; };
		CD8C8BDA25255398000E209D /* FileID.hpp */ = {isa = PBXFileReference; lastKnownFileType = sourcecode.cpp.h; path = FileID.hpp; sourceTree = "<group>"; };
		CD8C8BDD25255449000E209D /* Sniff.cpp */ = {isa = PBXFileReference; lastKnownFileType = sourcecode.cpp.cpp; path = Sniff.cpp; sourceTree = "<group>"; };
		CD8C8BDE25255449000E209D /* Sniff.hpp */ = {isa = PBXFileReference; lastKnownFileType = sourcecode.cpp.h; path = Sniff.hpp; sourceTree = "<group>"; };
		CDB12FA62558B7CD00D02381 /* Model.hpp */ = {isa = PBXFileReference; lastKnownFileType = sourcecode.cpp.h; path = Model.hpp; sourceTree = "<group>"; };
		CDB12FA82558BD0100D02381 /* Kid.cpp */ = {isa = PBXFileReference; lastKnownFileType = sourcecode.cpp.cpp; path = Kid.cpp; sourceTree = "<group>"; };
		CDB12FA92558BD0100D02381 /* Kid.hpp */ = {isa = PBXFileReference; lastKnownFileType = sourcecode.cpp.h; path = Kid.hpp; sourceTree = "<group>"; };
		CDDA4B52254362C000E4BAFE /* tools.cpp */ = {isa = PBXFileReference; lastKnownFileType = sourcecode.cpp.cpp; path = tools.cpp; sourceTree = "<group>"; };
		CDDA4B53254362C000E4BAFE /* tools.hpp */ = {isa = PBXFileReference; lastKnownFileType = sourcecode.cpp.h; path = tools.hpp; sourceTree = "<group>"; };
		CDDA4B55254362DF00E4BAFE /* tools.cpp */ = {isa = PBXFileReference; fileEncoding = 4; lastKnownFileType = sourcecode.cpp.cpp; path = tools.cpp; sourceTree = "<group>"; };
		CDDA4B56254362DF00E4BAFE /* Params.cpp */ = {isa = PBXFileReference; fileEncoding = 4; lastKnownFileType = sourcecode.cpp.cpp; path = Params.cpp; sourceTree = "<group>"; };
		CDDA4B57254362DF00E4BAFE /* Sniff.hpp */ = {isa = PBXFileReference; fileEncoding = 4; lastKnownFileType = sourcecode.cpp.h; path = Sniff.hpp; sourceTree = "<group>"; };
		CDDA4B58254362DF00E4BAFE /* FileID.hpp */ = {isa = PBXFileReference; fileEncoding = 4; lastKnownFileType = sourcecode.cpp.h; path = FileID.hpp; sourceTree = "<group>"; };
		CDDA4B59254362DF00E4BAFE /* Sniff.cpp */ = {isa = PBXFileReference; fileEncoding = 4; lastKnownFileType = sourcecode.cpp.cpp; path = Sniff.cpp; sourceTree = "<group>"; };
		CDDA4B5A254362DF00E4BAFE /* Params.hpp */ = {isa = PBXFileReference; fileEncoding = 4; lastKnownFileType = sourcecode.cpp.h; path = Params.hpp; sourceTree = "<group>"; };
		CDDA4B5B254362DF00E4BAFE /* tools.hpp */ = {isa = PBXFileReference; fileEncoding = 4; lastKnownFileType = sourcecode.cpp.h; path = tools.hpp; sourceTree = "<group>"; };
		CDDA4B5C254362DF00E4BAFE /* FileID.cpp */ = {isa = PBXFileReference; fileEncoding = 4; lastKnownFileType = sourcecode.cpp.cpp; path = FileID.cpp; sourceTree = "<group>"; };
		CDDA4B62254C6B0700E4BAFE /* questions.txt */ = {isa = PBXFileReference; lastKnownFileType = text; path = questions.txt; sourceTree = "<group>"; };
		CDDA4B67254C860200E4BAFE /* tools.cpp */ = {isa = PBXFileReference; fileEncoding = 4; lastKnownFileType = sourcecode.cpp.cpp; path = tools.cpp; sourceTree = "<group>"; };
		CDDA4B69254C860200E4BAFE /* tools.hpp */ = {isa = PBXFileReference; fileEncoding = 4; lastKnownFileType = sourcecode.cpp.h; path = tools.hpp; sourceTree = "<group>"; };
		CDDA4B80254C880600E4BAFE /* main.cpp */ = {isa = PBXFileReference; lastKnownFileType = sourcecode.cpp.cpp; path = main.cpp; sourceTree = "<group>"; };
		CDDA4B83254C884300E4BAFE /* makefile */ = {isa = PBXFileReference; fileEncoding = 4; lastKnownFileType = sourcecode.make; path = makefile; sourceTree = "<group>"; };
		CDEE24FA2568683A0004A37E /* Mom.cpp */ = {isa = PBXFileReference; lastKnownFileType = sourcecode.cpp.cpp; path = Mom.cpp; sourceTree = "<group>"; };
		CDEE24FB2568683A0004A37E /* Mom.hpp */ = {isa = PBXFileReference; lastKnownFileType = sourcecode.cpp.h; path = Mom.hpp; sourceTree = "<group>"; };
		CDFDEA89250757F4005EDC57 /* Mom */ = {isa = PBXFileReference; explicitFileType = "compiled.mach-o.executable"; includeInIndex = 0; path = Mom; sourceTree = BUILT_PRODUCTS_DIR; };
		CDFDEA9425075827005EDC57 /* p1.cpp */ = {isa = PBXFileReference; lastKnownFileType = sourcecode.cpp.cpp; path = p1.cpp; sourceTree = "<group>"; };
/* End PBXFileReference section */

/* Begin PBXFrameworksBuildPhase section */
		CD89973C25820DF500754A0C /* Frameworks */ = {
			isa = PBXFrameworksBuildPhase;
			buildActionMask = 2147483647;
			files = (
			);
			runOnlyForDeploymentPostprocessing = 0;
		};
		CDFDEA86250757F4005EDC57 /* Frameworks */ = {
			isa = PBXFrameworksBuildPhase;
			buildActionMask = 2147483647;
			files = (
			);
			runOnlyForDeploymentPostprocessing = 0;
		};
/* End PBXFrameworksBuildPhase section */

/* Begin PBXGroup section */
		CD5DDC2925409C2E000C1882 /* P4 */ = {
			isa = PBXGroup;
			children = (
				CD5DDC2A25409C47000C1882 /* main.cpp */,
				CDDA4B5C254362DF00E4BAFE /* FileID.cpp */,
				CDDA4B58254362DF00E4BAFE /* FileID.hpp */,
				CDDA4B56254362DF00E4BAFE /* Params.cpp */,
				CDDA4B5A254362DF00E4BAFE /* Params.hpp */,
				CDDA4B59254362DF00E4BAFE /* Sniff.cpp */,
				CDDA4B57254362DF00E4BAFE /* Sniff.hpp */,
				CDDA4B55254362DF00E4BAFE /* tools.cpp */,
				CDDA4B5B254362DF00E4BAFE /* tools.hpp */,
				CDDA4B62254C6B0700E4BAFE /* questions.txt */,
			);
			path = P4;
			sourceTree = "<group>";
		};
		CD73642F251ED11B0094E4D4 /* P2 */ = {
			isa = PBXGroup;
			children = (
				CD736430251ED2400094E4D4 /* Params.cpp */,
				CD736431251ED2400094E4D4 /* Params.hpp */,
				CD736432251ED27D0094E4D4 /* main.cpp */,
			);
			path = P2;
			sourceTree = "<group>";
		};
		CD8C8BC525254FFE000E209D /* P3 */ = {
			isa = PBXGroup;
			children = (
				CD8C8BD0252550BF000E209D /* main.cpp */,
				CD8C8BCC252550AF000E209D /* Params.cpp */,
				CD8C8BCD252550AF000E209D /* Params.hpp */,
				CD8C8BD925255398000E209D /* FileID.cpp */,
				CD8C8BDA25255398000E209D /* FileID.hpp */,
				CD8C8BDD25255449000E209D /* Sniff.cpp */,
				CD8C8BDE25255449000E209D /* Sniff.hpp */,
				CDDA4B52254362C000E4BAFE /* tools.cpp */,
				CDDA4B53254362C000E4BAFE /* tools.hpp */,
			);
			path = P3;
			sourceTree = "<group>";
		};
		CDDA4B66254C859400E4BAFE /* P5 */ = {
			isa = PBXGroup;
			children = (
				CDDA4B67254C860200E4BAFE /* tools.cpp */,
				CDDA4B69254C860200E4BAFE /* tools.hpp */,
				CDEE24FA2568683A0004A37E /* Mom.cpp */,
				CDEE24FB2568683A0004A37E /* Mom.hpp */,
				CDB12FA62558B7CD00D02381 /* Model.hpp */,
				CDB12FA82558BD0100D02381 /* Kid.cpp */,
				CDB12FA92558BD0100D02381 /* Kid.hpp */,
				CDDA4B80254C880600E4BAFE /* main.cpp */,
				CDDA4B83254C884300E4BAFE /* makefile */,
			);
			path = P5;
			sourceTree = "<group>";
		};
		CDEE24F82565B1D20004A37E /* P6 */ = {
			isa = PBXGroup;
			children = (
				CD8997262582048C00754A0C /* socktypes.h */,
				CD899727258204B000754A0C /* protocol.hpp */,
				CD89972D258204DD00754A0C /* momLogic.hpp */,
				CD89972C258204DD00754A0C /* momLogic.cpp */,
				CD899731258204EB00754A0C /* kidLogic.hpp */,
				CD899730258204EB00754A0C /* kidLogic.cpp */,
				CD899728258204C900754A0C /* mom.cpp */,
				CD89973525820D3800754A0C /* kid.cpp */,
				CD89971E2581B8EA00754A0C /* tools.hpp */,
				CD89971D2581B8EA00754A0C /* tools.cpp */,
				CD8997252581FE9A00754A0C /* makefile */,
			);
			path = P6;
			sourceTree = "<group>";
		};
		CDFDEA80250757F4005EDC57 = {
			isa = PBXGroup;
			children = (
				CDEE24F82565B1D20004A37E /* P6 */,
				CDDA4B66254C859400E4BAFE /* P5 */,
				CD5DDC2925409C2E000C1882 /* P4 */,
				CD8C8BC525254FFE000E209D /* P3 */,
				CD73642F251ED11B0094E4D4 /* P2 */,
				CDFDEA9325075801005EDC57 /* P1 */,
				CDFDEA8A250757F4005EDC57 /* Products */,
			);
			sourceTree = "<group>";
		};
		CDFDEA8A250757F4005EDC57 /* Products */ = {
			isa = PBXGroup;
			children = (
				CDFDEA89250757F4005EDC57 /* Mom */,
				CD89974125820DF500754A0C /* Kid */,
			);
			name = Products;
			sourceTree = "<group>";
		};
		CDFDEA9325075801005EDC57 /* P1 */ = {
			isa = PBXGroup;
			children = (
				CDFDEA9425075827005EDC57 /* p1.cpp */,
			);
			path = P1;
			sourceTree = "<group>";
		};
/* End PBXGroup section */

/* Begin PBXNativeTarget section */
		CD89973625820DF500754A0C /* Kid */ = {
			isa = PBXNativeTarget;
			buildConfigurationList = CD89973E25820DF500754A0C /* Build configuration list for PBXNativeTarget "Kid" */;
			buildPhases = (
				CD89973725820DF500754A0C /* Sources */,
				CD89973C25820DF500754A0C /* Frameworks */,
				CD89973D25820DF500754A0C /* CopyFiles */,
			);
			buildRules = (
			);
			dependencies = (
			);
			name = Kid;
			productName = Programs;
			productReference = CD89974125820DF500754A0C /* Kid */;
			productType = "com.apple.product-type.tool";
		};
		CDFDEA88250757F4005EDC57 /* Mom */ = {
			isa = PBXNativeTarget;
			buildConfigurationList = CDFDEA90250757F4005EDC57 /* Build configuration list for PBXNativeTarget "Mom" */;
			buildPhases = (
				CDFDEA85250757F4005EDC57 /* Sources */,
				CDFDEA86250757F4005EDC57 /* Frameworks */,
				CDFDEA87250757F4005EDC57 /* CopyFiles */,
			);
			buildRules = (
			);
			dependencies = (
			);
			name = Mom;
			productName = Programs;
			productReference = CDFDEA89250757F4005EDC57 /* Mom */;
			productType = "com.apple.product-type.tool";
		};
/* End PBXNativeTarget section */

/* Begin PBXProject section */
		CDFDEA81250757F4005EDC57 /* Project object */ = {
			isa = PBXProject;
			attributes = {
				LastUpgradeCheck = 1200;
				ORGANIZATIONNAME = "Ehiremen Ekore";
				TargetAttributes = {
					CDFDEA88250757F4005EDC57 = {
						CreatedOnToolsVersion = 11.7;
					};
				};
			};
			buildConfigurationList = CDFDEA84250757F4005EDC57 /* Build configuration list for PBXProject "Programs" */;
			compatibilityVersion = "Xcode 9.3";
			developmentRegion = en;
			hasScannedForEncodings = 0;
			knownRegions = (
				en,
				Base,
			);
			mainGroup = CDFDEA80250757F4005EDC57;
			productRefGroup = CDFDEA8A250757F4005EDC57 /* Products */;
			projectDirPath = "";
			projectRoot = "";
			targets = (
				CDFDEA88250757F4005EDC57 /* Mom */,
				CD89973625820DF500754A0C /* Kid */,
			);
		};
/* End PBXProject section */

/* Begin PBXSourcesBuildPhase section */
		CD89973725820DF500754A0C /* Sources */ = {
			isa = PBXSourcesBuildPhase;
			buildActionMask = 2147483647;
			files = (
				CD89974C25820E3700754A0C /* kid.cpp in Sources */,
				CD89973825820DF500754A0C /* tools.cpp in Sources */,
				CD89973B25820DF500754A0C /* kidLogic.cpp in Sources */,
			);
			runOnlyForDeploymentPostprocessing = 0;
		};
		CDFDEA85250757F4005EDC57 /* Sources */ = {
			isa = PBXSourcesBuildPhase;
			buildActionMask = 2147483647;
			files = (
				CD89971F2581B8EA00754A0C /* tools.cpp in Sources */,
				CD899729258204C900754A0C /* mom.cpp in Sources */,
				CD89972E258204DD00754A0C /* momLogic.cpp in Sources */,
			);
			runOnlyForDeploymentPostprocessing = 0;
		};
/* End PBXSourcesBuildPhase section */

/* Begin XCBuildConfiguration section */
		CD89973F25820DF500754A0C /* Debug */ = {
			isa = XCBuildConfiguration;
			buildSettings = {
				CODE_SIGN_IDENTITY = "-";
				CODE_SIGN_STYLE = Automatic;
				PRODUCT_NAME = "$(TARGET_NAME)";
			};
			name = Debug;
		};
		CD89974025820DF500754A0C /* Release */ = {
			isa = XCBuildConfiguration;
			buildSettings = {
				CODE_SIGN_IDENTITY = "-";
				CODE_SIGN_STYLE = Automatic;
				PRODUCT_NAME = "$(TARGET_NAME)";
			};
			name = Release;
		};
		CDFDEA8E250757F4005EDC57 /* Debug */ = {
			isa = XCBuildConfiguration;
			buildSettings = {
				ALWAYS_SEARCH_USER_PATHS = NO;
				CLANG_ANALYZER_NONNULL = YES;
				CLANG_ANALYZER_NUMBER_OBJECT_CONVERSION = YES_AGGRESSIVE;
				CLANG_CXX_LANGUAGE_STANDARD = "gnu++14";
				CLANG_CXX_LIBRARY = "libc++";
				CLANG_ENABLE_MODULES = YES;
				CLANG_ENABLE_OBJC_ARC = YES;
				CLANG_ENABLE_OBJC_WEAK = YES;
				CLANG_WARN_BLOCK_CAPTURE_AUTORELEASING = YES;
				CLANG_WARN_BOOL_CONVERSION = YES;
				CLANG_WARN_COMMA = YES;
				CLANG_WARN_CONSTANT_CONVERSION = YES;
				CLANG_WARN_DEPRECATED_OBJC_IMPLEMENTATIONS = YES;
				CLANG_WARN_DIRECT_OBJC_ISA_USAGE = YES_ERROR;
				CLANG_WARN_DOCUMENTATION_COMMENTS = YES;
				CLANG_WARN_EMPTY_BODY = YES;
				CLANG_WARN_ENUM_CONVERSION = YES;
				CLANG_WARN_INFINITE_RECURSION = YES;
				CLANG_WARN_INT_CONVERSION = YES;
				CLANG_WARN_NON_LITERAL_NULL_CONVERSION = YES;
				CLANG_WARN_OBJC_IMPLICIT_RETAIN_SELF = YES;
				CLANG_WARN_OBJC_LITERAL_CONVERSION = YES;
				CLANG_WARN_OBJC_ROOT_CLASS = YES_ERROR;
				CLANG_WARN_QUOTED_INCLUDE_IN_FRAMEWORK_HEADER = YES;
				CLANG_WARN_RANGE_LOOP_ANALYSIS = YES;
				CLANG_WARN_STRICT_PROTOTYPES = YES;
				CLANG_WARN_SUSPICIOUS_MOVE = YES;
				CLANG_WARN_UNGUARDED_AVAILABILITY = YES_AGGRESSIVE;
				CLANG_WARN_UNREACHABLE_CODE = YES;
				CLANG_WARN__DUPLICATE_METHOD_MATCH = YES;
				COPY_PHASE_STRIP = NO;
				DEBUG_INFORMATION_FORMAT = dwarf;
				ENABLE_STRICT_OBJC_MSGSEND = YES;
				ENABLE_TESTABILITY = YES;
				GCC_C_LANGUAGE_STANDARD = gnu11;
				GCC_DYNAMIC_NO_PIC = NO;
				GCC_NO_COMMON_BLOCKS = YES;
				GCC_OPTIMIZATION_LEVEL = 0;
				GCC_PREPROCESSOR_DEFINITIONS = (
					"DEBUG=1",
					"$(inherited)",
				);
				GCC_WARN_64_TO_32_BIT_CONVERSION = YES;
				GCC_WARN_ABOUT_RETURN_TYPE = YES_ERROR;
				GCC_WARN_UNDECLARED_SELECTOR = YES;
				GCC_WARN_UNINITIALIZED_AUTOS = YES_AGGRESSIVE;
				GCC_WARN_UNUSED_FUNCTION = YES;
				GCC_WARN_UNUSED_VARIABLE = YES;
				MACOSX_DEPLOYMENT_TARGET = 10.15;
				MTL_ENABLE_DEBUG_INFO = INCLUDE_SOURCE;
				MTL_FAST_MATH = YES;
				ONLY_ACTIVE_ARCH = YES;
				SDKROOT = macosx;
			};
			name = Debug;
		};
		CDFDEA8F250757F4005EDC57 /* Release */ = {
			isa = XCBuildConfiguration;
			buildSettings = {
				ALWAYS_SEARCH_USER_PATHS = NO;
				CLANG_ANALYZER_NONNULL = YES;
				CLANG_ANALYZER_NUMBER_OBJECT_CONVERSION = YES_AGGRESSIVE;
				CLANG_CXX_LANGUAGE_STANDARD = "gnu++14";
				CLANG_CXX_LIBRARY = "libc++";
				CLANG_ENABLE_MODULES = YES;
				CLANG_ENABLE_OBJC_ARC = YES;
				CLANG_ENABLE_OBJC_WEAK = YES;
				CLANG_WARN_BLOCK_CAPTURE_AUTORELEASING = YES;
				CLANG_WARN_BOOL_CONVERSION = YES;
				CLANG_WARN_COMMA = YES;
				CLANG_WARN_CONSTANT_CONVERSION = YES;
				CLANG_WARN_DEPRECATED_OBJC_IMPLEMENTATIONS = YES;
				CLANG_WARN_DIRECT_OBJC_ISA_USAGE = YES_ERROR;
				CLANG_WARN_DOCUMENTATION_COMMENTS = YES;
				CLANG_WARN_EMPTY_BODY = YES;
				CLANG_WARN_ENUM_CONVERSION = YES;
				CLANG_WARN_INFINITE_RECURSION = YES;
				CLANG_WARN_INT_CONVERSION = YES;
				CLANG_WARN_NON_LITERAL_NULL_CONVERSION = YES;
				CLANG_WARN_OBJC_IMPLICIT_RETAIN_SELF = YES;
				CLANG_WARN_OBJC_LITERAL_CONVERSION = YES;
				CLANG_WARN_OBJC_ROOT_CLASS = YES_ERROR;
				CLANG_WARN_QUOTED_INCLUDE_IN_FRAMEWORK_HEADER = YES;
				CLANG_WARN_RANGE_LOOP_ANALYSIS = YES;
				CLANG_WARN_STRICT_PROTOTYPES = YES;
				CLANG_WARN_SUSPICIOUS_MOVE = YES;
				CLANG_WARN_UNGUARDED_AVAILABILITY = YES_AGGRESSIVE;
				CLANG_WARN_UNREACHABLE_CODE = YES;
				CLANG_WARN__DUPLICATE_METHOD_MATCH = YES;
				COPY_PHASE_STRIP = NO;
				DEBUG_INFORMATION_FORMAT = "dwarf-with-dsym";
				ENABLE_NS_ASSERTIONS = NO;
				ENABLE_STRICT_OBJC_MSGSEND = YES;
				GCC_C_LANGUAGE_STANDARD = gnu11;
				GCC_NO_COMMON_BLOCKS = YES;
				GCC_WARN_64_TO_32_BIT_CONVERSION = YES;
				GCC_WARN_ABOUT_RETURN_TYPE = YES_ERROR;
				GCC_WARN_UNDECLARED_SELECTOR = YES;
				GCC_WARN_UNINITIALIZED_AUTOS = YES_AGGRESSIVE;
				GCC_WARN_UNUSED_FUNCTION = YES;
				GCC_WARN_UNUSED_VARIABLE = YES;
				MACOSX_DEPLOYMENT_TARGET = 10.15;
				MTL_ENABLE_DEBUG_INFO = NO;
				MTL_FAST_MATH = YES;
				SDKROOT = macosx;
			};
			name = Release;
		};
		CDFDEA91250757F4005EDC57 /* Debug */ = {
			isa = XCBuildConfiguration;
			buildSettings = {
				CODE_SIGN_IDENTITY = "-";
				CODE_SIGN_STYLE = Automatic;
				PRODUCT_NAME = "$(TARGET_NAME)";
			};
			name = Debug;
		};
		CDFDEA92250757F4005EDC57 /* Release */ = {
			isa = XCBuildConfiguration;
			buildSettings = {
				CODE_SIGN_IDENTITY = "-";
				CODE_SIGN_STYLE = Automatic;
				PRODUCT_NAME = "$(TARGET_NAME)";
			};
			name = Release;
		};
/* End XCBuildConfiguration section */

/* Begin XCConfigurationList section */
		CD89973E25820DF500754A0C /* Build configuration list for PBXNativeTarget "Kid" */ = {
			isa = XCConfigurationList;
			buildConfigurations = (
				CD89973F25820DF500754A0C /* Debug */,
				CD89974025820DF500754A0C /* Release */,
			);
			defaultConfigurationIsVisible = 0;
			defaultConfigurationName = Release;
		};
		CDFDEA84250757F4005EDC57 /* Build configuration list for PBXProject "Programs" */ = {
			isa = XCConfigurationList;
			buildConfigurations = (
				CDFDEA8E250757F4005EDC57 /* Debug */,
				CDFDEA8F250757F4005EDC57 /* Release */,
			);
			defaultConfigurationIsVisible = 0;
			defaultConfigurationName = Release;
		};
		CDFDEA90250757F4005EDC57 /* Build configuration list for PBXNativeTarget "Mom" */ = {
			isa = XCConfigurationList;
			buildConfigurations = (
				CDFDEA91250757F4005EDC57 /* Debug */,
				CDFDEA92250757F4005EDC57 /* Release */,
			);
			defaultConfigurationIsVisible = 0;
			defaultConfigurationName = Release;
		};
/* End XCConfigurationList section */
	};
	rootObject = CDFDEA81250757F4005EDC57 /* Project object */;
}
