// !$*UTF8*$!
{
	archiveVersion = 1;
	classes = {
	};
	objectVersion = 50;
	objects = {

/* Begin PBXBuildFile section */
		CD27791825434B4E0087A2CF /* Params.cpp in Sources */ = {isa = PBXBuildFile; fileRef = CD27790F25434B4E0087A2CF /* Params.cpp */; };
		CD27791925434B4E0087A2CF /* tools.cpp in Sources */ = {isa = PBXBuildFile; fileRef = CD27791325434B4E0087A2CF /* tools.cpp */; };
		CD27791A25434B4E0087A2CF /* FileID.cpp in Sources */ = {isa = PBXBuildFile; fileRef = CD27791625434B4E0087A2CF /* FileID.cpp */; };
		CD27791B25434B4E0087A2CF /* Sniff.cpp in Sources */ = {isa = PBXBuildFile; fileRef = CD27791725434B4E0087A2CF /* Sniff.cpp */; };
		CD5DDC2B25409C47000C1882 /* main.cpp in Sources */ = {isa = PBXBuildFile; fileRef = CD5DDC2A25409C47000C1882 /* main.cpp */; };
/* End PBXBuildFile section */

/* Begin PBXCopyFilesBuildPhase section */
		CDFDEA87250757F4005EDC57 /* CopyFiles */ = {
			isa = PBXCopyFilesBuildPhase;
			buildActionMask = 2147483647;
			dstPath = /usr/share/man/man1/;
			dstSubfolderSpec = 0;
			files = (
			);
			runOnlyForDeploymentPostprocessing = 1;
		};
/* End PBXCopyFilesBuildPhase section */

/* Begin PBXFileReference section */
		CD27790F25434B4E0087A2CF /* Params.cpp */ = {isa = PBXFileReference; fileEncoding = 4; lastKnownFileType = sourcecode.cpp.cpp; name = Params.cpp; path = P3/Params.cpp; sourceTree = SOURCE_ROOT; };
		CD27791025434B4E0087A2CF /* FileID.hpp */ = {isa = PBXFileReference; fileEncoding = 4; lastKnownFileType = sourcecode.cpp.h; name = FileID.hpp; path = P3/FileID.hpp; sourceTree = SOURCE_ROOT; };
		CD27791125434B4E0087A2CF /* makefile */ = {isa = PBXFileReference; fileEncoding = 4; lastKnownFileType = text; name = makefile; path = P3/makefile; sourceTree = SOURCE_ROOT; };
		CD27791225434B4E0087A2CF /* Params.hpp */ = {isa = PBXFileReference; fileEncoding = 4; lastKnownFileType = sourcecode.cpp.h; name = Params.hpp; path = P3/Params.hpp; sourceTree = SOURCE_ROOT; };
		CD27791325434B4E0087A2CF /* tools.cpp */ = {isa = PBXFileReference; fileEncoding = 4; lastKnownFileType = sourcecode.cpp.cpp; name = tools.cpp; path = P3/tools.cpp; sourceTree = SOURCE_ROOT; };
		CD27791425434B4E0087A2CF /* Sniff.hpp */ = {isa = PBXFileReference; fileEncoding = 4; lastKnownFileType = sourcecode.cpp.h; name = Sniff.hpp; path = P3/Sniff.hpp; sourceTree = SOURCE_ROOT; };
		CD27791525434B4E0087A2CF /* tools.hpp */ = {isa = PBXFileReference; fileEncoding = 4; lastKnownFileType = sourcecode.cpp.h; name = tools.hpp; path = P3/tools.hpp; sourceTree = SOURCE_ROOT; };
		CD27791625434B4E0087A2CF /* FileID.cpp */ = {isa = PBXFileReference; fileEncoding = 4; lastKnownFileType = sourcecode.cpp.cpp; name = FileID.cpp; path = P3/FileID.cpp; sourceTree = SOURCE_ROOT; };
		CD27791725434B4E0087A2CF /* Sniff.cpp */ = {isa = PBXFileReference; fileEncoding = 4; lastKnownFileType = sourcecode.cpp.cpp; name = Sniff.cpp; path = P3/Sniff.cpp; sourceTree = SOURCE_ROOT; };
		CD5DDC2A25409C47000C1882 /* main.cpp */ = {isa = PBXFileReference; lastKnownFileType = sourcecode.cpp.cpp; path = main.cpp; sourceTree = "<group>"; };
		CD736430251ED2400094E4D4 /* Params.cpp */ = {isa = PBXFileReference; lastKnownFileType = sourcecode.cpp.cpp; path = Params.cpp; sourceTree = "<group>"; };
		CD736431251ED2400094E4D4 /* Params.hpp */ = {isa = PBXFileReference; lastKnownFileType = sourcecode.cpp.h; path = Params.hpp; sourceTree = "<group>"; };
		CD736432251ED27D0094E4D4 /* main.cpp */ = {isa = PBXFileReference; lastKnownFileType = sourcecode.cpp.cpp; path = main.cpp; sourceTree = "<group>"; };
		CD8C8BCC252550AF000E209D /* Params.cpp */ = {isa = PBXFileReference; lastKnownFileType = sourcecode.cpp.cpp; path = Params.cpp; sourceTree = "<group>"; };
		CD8C8BCD252550AF000E209D /* Params.hpp */ = {isa = PBXFileReference; lastKnownFileType = sourcecode.cpp.h; path = Params.hpp; sourceTree = "<group>"; };
		CD8C8BD0252550BF000E209D /* main.cpp */ = {isa = PBXFileReference; lastKnownFileType = sourcecode.cpp.cpp; path = main.cpp; sourceTree = "<group>"; };
		CD8C8BD425255157000E209D /* tools.cpp */ = {isa = PBXFileReference; fileEncoding = 4; lastKnownFileType = sourcecode.cpp.cpp; name = tools.cpp; path = P2/tools.cpp; sourceTree = SOURCE_ROOT; };
		CD8C8BD525255157000E209D /* tools.hpp */ = {isa = PBXFileReference; fileEncoding = 4; lastKnownFileType = sourcecode.cpp.h; name = tools.hpp; path = P2/tools.hpp; sourceTree = SOURCE_ROOT; };
		CD8C8BD925255398000E209D /* FileID.cpp */ = {isa = PBXFileReference; lastKnownFileType = sourcecode.cpp.cpp; path = FileID.cpp; sourceTree = "<group>"; };
		CD8C8BDA25255398000E209D /* FileID.hpp */ = {isa = PBXFileReference; lastKnownFileType = sourcecode.cpp.h; path = FileID.hpp; sourceTree = "<group>"; };
		CD8C8BDD25255449000E209D /* Sniff.cpp */ = {isa = PBXFileReference; lastKnownFileType = sourcecode.cpp.cpp; path = Sniff.cpp; sourceTree = "<group>"; };
		CD8C8BDE25255449000E209D /* Sniff.hpp */ = {isa = PBXFileReference; lastKnownFileType = sourcecode.cpp.h; path = Sniff.hpp; sourceTree = "<group>"; };
		CDFDEA89250757F4005EDC57 /* Programs */ = {isa = PBXFileReference; explicitFileType = "compiled.mach-o.executable"; includeInIndex = 0; path = Programs; sourceTree = BUILT_PRODUCTS_DIR; };
		CDFDEA8C250757F4005EDC57 /* main.cpp */ = {isa = PBXFileReference; lastKnownFileType = sourcecode.cpp.cpp; path = main.cpp; sourceTree = "<group>"; };
		CDFDEA9425075827005EDC57 /* p1.cpp */ = {isa = PBXFileReference; lastKnownFileType = sourcecode.cpp.cpp; path = p1.cpp; sourceTree = "<group>"; };
/* End PBXFileReference section */

/* Begin PBXFrameworksBuildPhase section */
		CDFDEA86250757F4005EDC57 /* Frameworks */ = {
			isa = PBXFrameworksBuildPhase;
			buildActionMask = 2147483647;
			files = (
			);
			runOnlyForDeploymentPostprocessing = 0;
		};
/* End PBXFrameworksBuildPhase section */

/* Begin PBXGroup section */
		CD5DDC2925409C2E000C1882 /* P4 */ = {
			isa = PBXGroup;
			children = (
				CD5DDC2A25409C47000C1882 /* main.cpp */,
				CD27791625434B4E0087A2CF /* FileID.cpp */,
				CD27791025434B4E0087A2CF /* FileID.hpp */,
				CD27791125434B4E0087A2CF /* makefile */,
				CD27790F25434B4E0087A2CF /* Params.cpp */,
				CD27791225434B4E0087A2CF /* Params.hpp */,
				CD27791725434B4E0087A2CF /* Sniff.cpp */,
				CD27791425434B4E0087A2CF /* Sniff.hpp */,
				CD27791325434B4E0087A2CF /* tools.cpp */,
				CD27791525434B4E0087A2CF /* tools.hpp */,
			);
			path = P4;
			sourceTree = "<group>";
		};
		CD73642F251ED11B0094E4D4 /* P2 */ = {
			isa = PBXGroup;
			children = (
				CD736430251ED2400094E4D4 /* Params.cpp */,
				CD736431251ED2400094E4D4 /* Params.hpp */,
				CD736432251ED27D0094E4D4 /* main.cpp */,
			);
			path = P2;
			sourceTree = "<group>";
		};
		CD8C8BC525254FFE000E209D /* P3 */ = {
			isa = PBXGroup;
			children = (
				CD8C8BD0252550BF000E209D /* main.cpp */,
				CD8C8BCC252550AF000E209D /* Params.cpp */,
				CD8C8BCD252550AF000E209D /* Params.hpp */,
				CD8C8BD425255157000E209D /* tools.cpp */,
				CD8C8BD525255157000E209D /* tools.hpp */,
				CD8C8BD925255398000E209D /* FileID.cpp */,
				CD8C8BDA25255398000E209D /* FileID.hpp */,
				CD8C8BDD25255449000E209D /* Sniff.cpp */,
				CD8C8BDE25255449000E209D /* Sniff.hpp */,
			);
			path = P3;
			sourceTree = "<group>";
		};
		CDFDEA80250757F4005EDC57 = {
			isa = PBXGroup;
			children = (
				CD5DDC2925409C2E000C1882 /* P4 */,
				CD8C8BC525254FFE000E209D /* P3 */,
				CD73642F251ED11B0094E4D4 /* P2 */,
				CDFDEA9325075801005EDC57 /* P1 */,
				CDFDEA8B250757F4005EDC57 /* Programs */,
				CDFDEA8A250757F4005EDC57 /* Products */,
			);
			sourceTree = "<group>";
		};
		CDFDEA8A250757F4005EDC57 /* Products */ = {
			isa = PBXGroup;
			children = (
				CDFDEA89250757F4005EDC57 /* Programs */,
			);
			name = Products;
			sourceTree = "<group>";
		};
		CDFDEA8B250757F4005EDC57 /* Programs */ = {
			isa = PBXGroup;
			children = (
				CDFDEA8C250757F4005EDC57 /* main.cpp */,
			);
			path = Programs;
			sourceTree = "<group>";
		};
		CDFDEA9325075801005EDC57 /* P1 */ = {
			isa = PBXGroup;
			children = (
				CDFDEA9425075827005EDC57 /* p1.cpp */,
			);
			path = P1;
			sourceTree = "<group>";
		};
/* End PBXGroup section */

/* Begin PBXNativeTarget section */
		CDFDEA88250757F4005EDC57 /* Programs */ = {
			isa = PBXNativeTarget;
			buildConfigurationList = CDFDEA90250757F4005EDC57 /* Build configuration list for PBXNativeTarget "Programs" */;
			buildPhases = (
				CDFDEA85250757F4005EDC57 /* Sources */,
				CDFDEA86250757F4005EDC57 /* Frameworks */,
				CDFDEA87250757F4005EDC57 /* CopyFiles */,
			);
			buildRules = (
			);
			dependencies = (
			);
			name = Programs;
			productName = Programs;
			productReference = CDFDEA89250757F4005EDC57 /* Programs */;
			productType = "com.apple.product-type.tool";
		};
/* End PBXNativeTarget section */

/* Begin PBXProject section */
		CDFDEA81250757F4005EDC57 /* Project object */ = {
			isa = PBXProject;
			attributes = {
				LastUpgradeCheck = 1200;
				ORGANIZATIONNAME = "Ehiremen Ekore";
				TargetAttributes = {
					CDFDEA88250757F4005EDC57 = {
						CreatedOnToolsVersion = 11.7;
					};
				};
			};
			buildConfigurationList = CDFDEA84250757F4005EDC57 /* Build configuration list for PBXProject "Programs" */;
			compatibilityVersion = "Xcode 9.3";
			developmentRegion = en;
			hasScannedForEncodings = 0;
			knownRegions = (
				en,
				Base,
			);
			mainGroup = CDFDEA80250757F4005EDC57;
			productRefGroup = CDFDEA8A250757F4005EDC57 /* Products */;
			projectDirPath = "";
			projectRoot = "";
			targets = (
				CDFDEA88250757F4005EDC57 /* Programs */,
			);
		};
/* End PBXProject section */

/* Begin PBXSourcesBuildPhase section */
		CDFDEA85250757F4005EDC57 /* Sources */ = {
			isa = PBXSourcesBuildPhase;
			buildActionMask = 2147483647;
			files = (
				CD27791B25434B4E0087A2CF /* Sniff.cpp in Sources */,
				CD27791A25434B4E0087A2CF /* FileID.cpp in Sources */,
				CD5DDC2B25409C47000C1882 /* main.cpp in Sources */,
				CD27791825434B4E0087A2CF /* Params.cpp in Sources */,
				CD27791925434B4E0087A2CF /* tools.cpp in Sources */,
			);
			runOnlyForDeploymentPostprocessing = 0;
		};
/* End PBXSourcesBuildPhase section */

/* Begin XCBuildConfiguration section */
		CDFDEA8E250757F4005EDC57 /* Debug */ = {
			isa = XCBuildConfiguration;
			buildSettings = {
				ALWAYS_SEARCH_USER_PATHS = NO;
				CLANG_ANALYZER_NONNULL = YES;
				CLANG_ANALYZER_NUMBER_OBJECT_CONVERSION = YES_AGGRESSIVE;
				CLANG_CXX_LANGUAGE_STANDARD = "gnu++14";
				CLANG_CXX_LIBRARY = "libc++";
				CLANG_ENABLE_MODULES = YES;
				CLANG_ENABLE_OBJC_ARC = YES;
				CLANG_ENABLE_OBJC_WEAK = YES;
				CLANG_WARN_BLOCK_CAPTURE_AUTORELEASING = YES;
				CLANG_WARN_BOOL_CONVERSION = YES;
				CLANG_WARN_COMMA = YES;
				CLANG_WARN_CONSTANT_CONVERSION = YES;
				CLANG_WARN_DEPRECATED_OBJC_IMPLEMENTATIONS = YES;
				CLANG_WARN_DIRECT_OBJC_ISA_USAGE = YES_ERROR;
				CLANG_WARN_DOCUMENTATION_COMMENTS = YES;
				CLANG_WARN_EMPTY_BODY = YES;
				CLANG_WARN_ENUM_CONVERSION = YES;
				CLANG_WARN_INFINITE_RECURSION = YES;
				CLANG_WARN_INT_CONVERSION = YES;
				CLANG_WARN_NON_LITERAL_NULL_CONVERSION = YES;
				CLANG_WARN_OBJC_IMPLICIT_RETAIN_SELF = YES;
				CLANG_WARN_OBJC_LITERAL_CONVERSION = YES;
				CLANG_WARN_OBJC_ROOT_CLASS = YES_ERROR;
				CLANG_WARN_QUOTED_INCLUDE_IN_FRAMEWORK_HEADER = YES;
				CLANG_WARN_RANGE_LOOP_ANALYSIS = YES;
				CLANG_WARN_STRICT_PROTOTYPES = YES;
				CLANG_WARN_SUSPICIOUS_MOVE = YES;
				CLANG_WARN_UNGUARDED_AVAILABILITY = YES_AGGRESSIVE;
				CLANG_WARN_UNREACHABLE_CODE = YES;
				CLANG_WARN__DUPLICATE_METHOD_MATCH = YES;
				COPY_PHASE_STRIP = NO;
				DEBUG_INFORMATION_FORMAT = dwarf;
				ENABLE_STRICT_OBJC_MSGSEND = YES;
				ENABLE_TESTABILITY = YES;
				GCC_C_LANGUAGE_STANDARD = gnu11;
				GCC_DYNAMIC_NO_PIC = NO;
				GCC_NO_COMMON_BLOCKS = YES;
				GCC_OPTIMIZATION_LEVEL = 0;
				GCC_PREPROCESSOR_DEFINITIONS = (
					"DEBUG=1",
					"$(inherited)",
				);
				GCC_WARN_64_TO_32_BIT_CONVERSION = YES;
				GCC_WARN_ABOUT_RETURN_TYPE = YES_ERROR;
				GCC_WARN_UNDECLARED_SELECTOR = YES;
				GCC_WARN_UNINITIALIZED_AUTOS = YES_AGGRESSIVE;
				GCC_WARN_UNUSED_FUNCTION = YES;
				GCC_WARN_UNUSED_VARIABLE = YES;
				MACOSX_DEPLOYMENT_TARGET = 10.15;
				MTL_ENABLE_DEBUG_INFO = INCLUDE_SOURCE;
				MTL_FAST_MATH = YES;
				ONLY_ACTIVE_ARCH = YES;
				SDKROOT = macosx;
			};
			name = Debug;
		};
		CDFDEA8F250757F4005EDC57 /* Release */ = {
			isa = XCBuildConfiguration;
			buildSettings = {
				ALWAYS_SEARCH_USER_PATHS = NO;
				CLANG_ANALYZER_NONNULL = YES;
				CLANG_ANALYZER_NUMBER_OBJECT_CONVERSION = YES_AGGRESSIVE;
				CLANG_CXX_LANGUAGE_STANDARD = "gnu++14";
				CLANG_CXX_LIBRARY = "libc++";
				CLANG_ENABLE_MODULES = YES;
				CLANG_ENABLE_OBJC_ARC = YES;
				CLANG_ENABLE_OBJC_WEAK = YES;
				CLANG_WARN_BLOCK_CAPTURE_AUTORELEASING = YES;
				CLANG_WARN_BOOL_CONVERSION = YES;
				CLANG_WARN_COMMA = YES;
				CLANG_WARN_CONSTANT_CONVERSION = YES;
				CLANG_WARN_DEPRECATED_OBJC_IMPLEMENTATIONS = YES;
				CLANG_WARN_DIRECT_OBJC_ISA_USAGE = YES_ERROR;
				CLANG_WARN_DOCUMENTATION_COMMENTS = YES;
				CLANG_WARN_EMPTY_BODY = YES;
				CLANG_WARN_ENUM_CONVERSION = YES;
				CLANG_WARN_INFINITE_RECURSION = YES;
				CLANG_WARN_INT_CONVERSION = YES;
				CLANG_WARN_NON_LITERAL_NULL_CONVERSION = YES;
				CLANG_WARN_OBJC_IMPLICIT_RETAIN_SELF = YES;
				CLANG_WARN_OBJC_LITERAL_CONVERSION = YES;
				CLANG_WARN_OBJC_ROOT_CLASS = YES_ERROR;
				CLANG_WARN_QUOTED_INCLUDE_IN_FRAMEWORK_HEADER = YES;
				CLANG_WARN_RANGE_LOOP_ANALYSIS = YES;
				CLANG_WARN_STRICT_PROTOTYPES = YES;
				CLANG_WARN_SUSPICIOUS_MOVE = YES;
				CLANG_WARN_UNGUARDED_AVAILABILITY = YES_AGGRESSIVE;
				CLANG_WARN_UNREACHABLE_CODE = YES;
				CLANG_WARN__DUPLICATE_METHOD_MATCH = YES;
				COPY_PHASE_STRIP = NO;
				DEBUG_INFORMATION_FORMAT = "dwarf-with-dsym";
				ENABLE_NS_ASSERTIONS = NO;
				ENABLE_STRICT_OBJC_MSGSEND = YES;
				GCC_C_LANGUAGE_STANDARD = gnu11;
				GCC_NO_COMMON_BLOCKS = YES;
				GCC_WARN_64_TO_32_BIT_CONVERSION = YES;
				GCC_WARN_ABOUT_RETURN_TYPE = YES_ERROR;
				GCC_WARN_UNDECLARED_SELECTOR = YES;
				GCC_WARN_UNINITIALIZED_AUTOS = YES_AGGRESSIVE;
				GCC_WARN_UNUSED_FUNCTION = YES;
				GCC_WARN_UNUSED_VARIABLE = YES;
				MACOSX_DEPLOYMENT_TARGET = 10.15;
				MTL_ENABLE_DEBUG_INFO = NO;
				MTL_FAST_MATH = YES;
				SDKROOT = macosx;
			};
			name = Release;
		};
		CDFDEA91250757F4005EDC57 /* Debug */ = {
			isa = XCBuildConfiguration;
			buildSettings = {
				CODE_SIGN_IDENTITY = "-";
				CODE_SIGN_STYLE = Automatic;
				PRODUCT_NAME = "$(TARGET_NAME)";
			};
			name = Debug;
		};
		CDFDEA92250757F4005EDC57 /* Release */ = {
			isa = XCBuildConfiguration;
			buildSettings = {
				CODE_SIGN_IDENTITY = "-";
				CODE_SIGN_STYLE = Automatic;
				PRODUCT_NAME = "$(TARGET_NAME)";
			};
			name = Release;
		};
/* End XCBuildConfiguration section */

/* Begin XCConfigurationList section */
		CDFDEA84250757F4005EDC57 /* Build configuration list for PBXProject "Programs" */ = {
			isa = XCConfigurationList;
			buildConfigurations = (
				CDFDEA8E250757F4005EDC57 /* Debug */,
				CDFDEA8F250757F4005EDC57 /* Release */,
			);
			defaultConfigurationIsVisible = 0;
			defaultConfigurationName = Release;
		};
		CDFDEA90250757F4005EDC57 /* Build configuration list for PBXNativeTarget "Programs" */ = {
			isa = XCConfigurationList;
			buildConfigurations = (
				CDFDEA91250757F4005EDC57 /* Debug */,
				CDFDEA92250757F4005EDC57 /* Release */,
			);
			defaultConfigurationIsVisible = 0;
			defaultConfigurationName = Release;
		};
/* End XCConfigurationList section */
	};
	rootObject = CDFDEA81250757F4005EDC57 /* Project object */;
}
